// !$*UTF8*$!
{
	archiveVersion = 1;
	classes = {
	};
	objectVersion = 77;
	objects = {

/* Begin PBXBuildFile section */
		16BC6F45205B40173D17782A /* MoodEnergyLogging.swift in Sources */ = {isa = PBXBuildFile; fileRef = 5F94799AD2873F810A8F32C2 /* MoodEnergyLogging.swift */; };
		1AE88E42BC5734B36B7D6888 /* Achievement.swift in Sources */ = {isa = PBXBuildFile; fileRef = 039788081690FA4A7029B200 /* Achievement.swift */; };
		22EEA605DA109D383423C9F8 /* FocusTimerApp.swift in Sources */ = {isa = PBXBuildFile; fileRef = 393E8896CC7B5C463F5EC88D /* FocusTimerApp.swift */; };
		2FCAD87080147CB08C976025 /* TimerManager.swift in Sources */ = {isa = PBXBuildFile; fileRef = 1B0D7936FDAC626AA1807DD8 /* TimerManager.swift */; };
		31F0AFB7CC3BA86C6E830488 /* DailyPlannerView.swift in Sources */ = {isa = PBXBuildFile; fileRef = D6264C2D5D09456D5253EFCC /* DailyPlannerView.swift */; };
		326F33198C93A0747CB86DA1 /* AICoach.swift in Sources */ = {isa = PBXBuildFile; fileRef = B5DC63CA658D90A65487300D /* AICoach.swift */; };
		46067020E519518C27BE6D60 /* RollingPomodoro.swift in Sources */ = {isa = PBXBuildFile; fileRef = C5E0E614936A54D7CCAF1C91 /* RollingPomodoro.swift */; };
		5031E852CDCF77C6EFE076E6 /* LevelingSystem.swift in Sources */ = {isa = PBXBuildFile; fileRef = DD8E36DF8213F19707BC38C1 /* LevelingSystem.swift */; };
		5230F10C24AD1C6FD71520C9 /* DailyChallenge.swift in Sources */ = {isa = PBXBuildFile; fileRef = ED548E3D9C198B340AB79DE6 /* DailyChallenge.swift */; };
		53C5EA80C95793035E764176 /* FocusIntelligence.swift in Sources */ = {isa = PBXBuildFile; fileRef = 3C7525BD6ADCC2C9D9AB4129 /* FocusIntelligence.swift */; };
		5576DC1CD88FFFE231551578 /* ShortcutsIntegration.swift in Sources */ = {isa = PBXBuildFile; fileRef = 054AF448355712DDA25262D8 /* ShortcutsIntegration.swift */; };
		55D4326896758B297D952208 /* FocusCoins.swift in Sources */ = {isa = PBXBuildFile; fileRef = 9779A03CEBFBBA09E70548E7 /* FocusCoins.swift */; };
		60F7629CA8DC8A6CFEEC2880 /* FocusTimerWidget.swift in Sources */ = {isa = PBXBuildFile; fileRef = 76A7B6F70D9C34B8E84280BF /* FocusTimerWidget.swift */; };
		666D226780EAE4F63E67E09C /* FocusMode.swift in Sources */ = {isa = PBXBuildFile; fileRef = D6BBBBBFBFC25332CC39D62B /* FocusMode.swift */; };
		68F5A8ADAC3CCB9923127A45 /* AppleDesignTheme.swift in Sources */ = {isa = PBXBuildFile; fileRef = 3342B8AEE1973ED59B1E9A53 /* AppleDesignTheme.swift */; };
		6FADBF9D9B4142C8AA4EE162 /* IntelligenceDashboard.swift in Sources */ = {isa = PBXBuildFile; fileRef = 2797AEBA6E175047507A7960 /* IntelligenceDashboard.swift */; };
		7775C8EF72C1335E5EB43239 /* StreakHeatmap.swift in Sources */ = {isa = PBXBuildFile; fileRef = ED67E7416E76FA06D919FFC1 /* StreakHeatmap.swift */; };
		7C79689418F0893F5780B26C /* SettingsView.swift in Sources */ = {isa = PBXBuildFile; fileRef = 045637700E4E8EA6AD30D5BC /* SettingsView.swift */; };
		800916A67D2D9F0BFF5203ED /* SessionLabels.swift in Sources */ = {isa = PBXBuildFile; fileRef = AB4FF12A3BCFC2365BE0197B /* SessionLabels.swift */; };
		8276058FCCB54B7852039543 /* TimerAnimationStyles.swift in Sources */ = {isa = PBXBuildFile; fileRef = BBB5CE0D189562EC4BEAD3ED /* TimerAnimationStyles.swift */; };
		8CEE037AA72A537DA02C24B2 /* CalendarIntegration.swift in Sources */ = {isa = PBXBuildFile; fileRef = A2244004E0735D4E46F8FA8F /* CalendarIntegration.swift */; };
		92C91835B6202BC90507AFDB /* FocusTimerWidget.appex in Embed Foundation Extensions */ = {isa = PBXBuildFile; fileRef = 3F5EAEB5B0D8BE1923A412CF /* FocusTimerWidget.appex */; settings = {ATTRIBUTES = (CodeSignOnCopy, RemoveHeadersOnCopy, ); }; };
		9A34E9BC489EAAB4F191EC8A /* HealthIntegration.swift in Sources */ = {isa = PBXBuildFile; fileRef = 23518A901E22E937BA93A94E /* HealthIntegration.swift */; };
		9DC97BDE44C7CB7D693DD3B6 /* Info.plist.bak in Resources */ = {isa = PBXBuildFile; fileRef = D468F6AA3B2A0EC4D655E636 /* Info.plist.bak */; };
		A3D8FB5547DE339D7DA8A317 /* ReportGenerator.swift in Sources */ = {isa = PBXBuildFile; fileRef = 89AF6E3AFEB0DE47BF1D36AA /* ReportGenerator.swift */; };
		A54EE6976DD66D027D6F9EDB /* ReminderManager.swift in Sources */ = {isa = PBXBuildFile; fileRef = 4CF6ACE1B116D255A038DE86 /* ReminderManager.swift */; };
		A7E542A39969B8ED53886E80 /* WidgetDataManager.swift in Sources */ = {isa = PBXBuildFile; fileRef = 98C01B91DFDC97B08597E6BF /* WidgetDataManager.swift */; };
		A83E0E7035AD57BB8264D5C0 /* FocusDebrief.swift in Sources */ = {isa = PBXBuildFile; fileRef = E17DE5E2ECF7202A7E94C079 /* FocusDebrief.swift */; };
		ABEC1A0F97734CD763BA827C /* ThemeManager.swift in Sources */ = {isa = PBXBuildFile; fileRef = 9F1E858F4E4285A80A98A046 /* ThemeManager.swift */; };
		B21C64D98F0287B72EE4A925 /* LiveActivityBridge.swift in Sources */ = {isa = PBXBuildFile; fileRef = 5A835201380000DDE8C2ADAE /* LiveActivityBridge.swift */; };
		B3B5FF49918B837EC68C0C41 /* Assets.xcassets in Resources */ = {isa = PBXBuildFile; fileRef = CB2BBC54D0553FA5694DA3AA /* Assets.xcassets */; };
		B4AF2BAEFF59234CF5684641 /* Models.swift in Sources */ = {isa = PBXBuildFile; fileRef = C85767B9898BDFB27A77ADB0 /* Models.swift */; };
		B7A0704849647DC1633EAF33 /* ProjectTracking.swift in Sources */ = {isa = PBXBuildFile; fileRef = 27B8D7E61D71EE4A48DF8DE1 /* ProjectTracking.swift */; };
		C1986A5B24BA52CBEE9F045C /* WellnessManager.swift in Sources */ = {isa = PBXBuildFile; fileRef = C32FBA8F3A81E00394AABFC7 /* WellnessManager.swift */; };
		C2F7496CF79B2C9F74DD7E8A /* TimerStackManager.swift in Sources */ = {isa = PBXBuildFile; fileRef = 00BEFC7729F79B74D03A4DF6 /* TimerStackManager.swift */; };
		C474100EC64FC2CBE3403C63 /* HistoryView.swift in Sources */ = {isa = PBXBuildFile; fileRef = E0F959453661054815C6E275 /* HistoryView.swift */; };
		D11301B440D35EAB7089E45C /* MoodPickerView.swift in Sources */ = {isa = PBXBuildFile; fileRef = 894E9D9C1967D4CD67818F45 /* MoodPickerView.swift */; };
		DA2978DC15EE9C39E87C1036 /* FocusSounds.swift in Sources */ = {isa = PBXBuildFile; fileRef = 61AEFC207BFC298036B98153 /* FocusSounds.swift */; };
		DBEEBD9909F0B94AC86FF73F /* StatisticsView.swift in Sources */ = {isa = PBXBuildFile; fileRef = EBB140849CE2C8593F97AD60 /* StatisticsView.swift */; };
		DF1F4072C0D181F77FF105CB /* SocialSharing.swift in Sources */ = {isa = PBXBuildFile; fileRef = DA3D272F1748D9AB3B2A9D6F /* SocialSharing.swift */; };
		E0DFFC207622CACADFFA3211 /* ContentView.swift in Sources */ = {isa = PBXBuildFile; fileRef = 3DF5B53C6B0D66E6427CF65A /* ContentView.swift */; };
		E1282227DF025ACD0D48F75D /* RollingPomodoroView.swift in Sources */ = {isa = PBXBuildFile; fileRef = A5A9AEAC5BE47DF10FA94D2A /* RollingPomodoroView.swift */; };
		F02C1BDEE4125EE8DCD5FDE5 /* DailyPlanner.swift in Sources */ = {isa = PBXBuildFile; fileRef = C3017B14540E93F60DF38E55 /* DailyPlanner.swift */; };
		F4A25C9D7B9E0FFEEA4E00AC /* Celebrations.swift in Sources */ = {isa = PBXBuildFile; fileRef = BC493C8786B8BBDC8C6FB57A /* Celebrations.swift */; };
		F6723CE8CE577FB8AD574AEB /* WidgetBridge.swift in Sources */ = {isa = PBXBuildFile; fileRef = CF0A1EA90A1664F88A9B505E /* WidgetBridge.swift */; };
/* End PBXBuildFile section */

/* Begin PBXContainerItemProxy section */
		ACDBFC01B9BC35C50E1809B6 /* PBXContainerItemProxy */ = {
			isa = PBXContainerItemProxy;
			containerPortal = 12D45FD891DBCCA2475D15BF /* Project object */;
			proxyType = 1;
			remoteGlobalIDString = 82FA68509F6929CF4C88E4CE;
			remoteInfo = FocusTimerWidget;
		};
/* End PBXContainerItemProxy section */

/* Begin PBXCopyFilesBuildPhase section */
		B41BD67AB5DD171564A4A219 /* Embed Foundation Extensions */ = {
			isa = PBXCopyFilesBuildPhase;
			buildActionMask = 2147483647;
			dstPath = "";
			dstSubfolderSpec = 13;
			files = (
				92C91835B6202BC90507AFDB /* FocusTimerWidget.appex in Embed Foundation Extensions */,
			);
			name = "Embed Foundation Extensions";
			runOnlyForDeploymentPostprocessing = 0;
		};
/* End PBXCopyFilesBuildPhase section */

/* Begin PBXFileReference section */
		00BEFC7729F79B74D03A4DF6 /* TimerStackManager.swift */ = {isa = PBXFileReference; lastKnownFileType = sourcecode.swift; path = TimerStackManager.swift; sourceTree = "<group>"; };
		039788081690FA4A7029B200 /* Achievement.swift */ = {isa = PBXFileReference; lastKnownFileType = sourcecode.swift; path = Achievement.swift; sourceTree = "<group>"; };
		045637700E4E8EA6AD30D5BC /* SettingsView.swift */ = {isa = PBXFileReference; lastKnownFileType = sourcecode.swift; path = SettingsView.swift; sourceTree = "<group>"; };
		054AF448355712DDA25262D8 /* ShortcutsIntegration.swift */ = {isa = PBXFileReference; lastKnownFileType = sourcecode.swift; path = ShortcutsIntegration.swift; sourceTree = "<group>"; };
		08C93D65FEBCCD95E2F7EEF1 /* FocusTimer.entitlements */ = {isa = PBXFileReference; lastKnownFileType = text.plist.entitlements; path = FocusTimer.entitlements; sourceTree = "<group>"; };
		1B0D7936FDAC626AA1807DD8 /* TimerManager.swift */ = {isa = PBXFileReference; lastKnownFileType = sourcecode.swift; path = TimerManager.swift; sourceTree = "<group>"; };
		23518A901E22E937BA93A94E /* HealthIntegration.swift */ = {isa = PBXFileReference; lastKnownFileType = sourcecode.swift; path = HealthIntegration.swift; sourceTree = "<group>"; };
		2797AEBA6E175047507A7960 /* IntelligenceDashboard.swift */ = {isa = PBXFileReference; lastKnownFileType = sourcecode.swift; path = IntelligenceDashboard.swift; sourceTree = "<group>"; };
		27B8D7E61D71EE4A48DF8DE1 /* ProjectTracking.swift */ = {isa = PBXFileReference; lastKnownFileType = sourcecode.swift; path = ProjectTracking.swift; sourceTree = "<group>"; };
		3342B8AEE1973ED59B1E9A53 /* AppleDesignTheme.swift */ = {isa = PBXFileReference; lastKnownFileType = sourcecode.swift; path = AppleDesignTheme.swift; sourceTree = "<group>"; };
		393E8896CC7B5C463F5EC88D /* FocusTimerApp.swift */ = {isa = PBXFileReference; lastKnownFileType = sourcecode.swift; path = FocusTimerApp.swift; sourceTree = "<group>"; };
		3C7525BD6ADCC2C9D9AB4129 /* FocusIntelligence.swift */ = {isa = PBXFileReference; lastKnownFileType = sourcecode.swift; path = FocusIntelligence.swift; sourceTree = "<group>"; };
		3DF5B53C6B0D66E6427CF65A /* ContentView.swift */ = {isa = PBXFileReference; lastKnownFileType = sourcecode.swift; path = ContentView.swift; sourceTree = "<group>"; };
		3F5EAEB5B0D8BE1923A412CF /* FocusTimerWidget.appex */ = {isa = PBXFileReference; includeInIndex = 0; lastKnownFileType = "wrapper.app-extension"; path = FocusTimerWidget.appex; sourceTree = BUILT_PRODUCTS_DIR; };
		4830BF92E8438F19905912C9 /* FocusTimerWidget.entitlements */ = {isa = PBXFileReference; lastKnownFileType = text.plist.entitlements; path = FocusTimerWidget.entitlements; sourceTree = "<group>"; };
		4CF6ACE1B116D255A038DE86 /* ReminderManager.swift */ = {isa = PBXFileReference; lastKnownFileType = sourcecode.swift; path = ReminderManager.swift; sourceTree = "<group>"; };
		5A835201380000DDE8C2ADAE /* LiveActivityBridge.swift */ = {isa = PBXFileReference; lastKnownFileType = sourcecode.swift; path = LiveActivityBridge.swift; sourceTree = "<group>"; };
		5F94799AD2873F810A8F32C2 /* MoodEnergyLogging.swift */ = {isa = PBXFileReference; lastKnownFileType = sourcecode.swift; path = MoodEnergyLogging.swift; sourceTree = "<group>"; };
		61AEFC207BFC298036B98153 /* FocusSounds.swift */ = {isa = PBXFileReference; lastKnownFileType = sourcecode.swift; path = FocusSounds.swift; sourceTree = "<group>"; };
		73E4000C3A062EDEADEDCF13 /* FocusTimer.app */ = {isa = PBXFileReference; includeInIndex = 0; lastKnownFileType = wrapper.application; path = FocusTimer.app; sourceTree = BUILT_PRODUCTS_DIR; };
		76A7B6F70D9C34B8E84280BF /* FocusTimerWidget.swift */ = {isa = PBXFileReference; lastKnownFileType = sourcecode.swift; path = FocusTimerWidget.swift; sourceTree = "<group>"; };
		894E9D9C1967D4CD67818F45 /* MoodPickerView.swift */ = {isa = PBXFileReference; lastKnownFileType = sourcecode.swift; path = MoodPickerView.swift; sourceTree = "<group>"; };
		89AF6E3AFEB0DE47BF1D36AA /* ReportGenerator.swift */ = {isa = PBXFileReference; lastKnownFileType = sourcecode.swift; path = ReportGenerator.swift; sourceTree = "<group>"; };
		9779A03CEBFBBA09E70548E7 /* FocusCoins.swift */ = {isa = PBXFileReference; lastKnownFileType = sourcecode.swift; path = FocusCoins.swift; sourceTree = "<group>"; };
		98C01B91DFDC97B08597E6BF /* WidgetDataManager.swift */ = {isa = PBXFileReference; lastKnownFileType = sourcecode.swift; path = WidgetDataManager.swift; sourceTree = "<group>"; };
		9F1E858F4E4285A80A98A046 /* ThemeManager.swift */ = {isa = PBXFileReference; lastKnownFileType = sourcecode.swift; path = ThemeManager.swift; sourceTree = "<group>"; };
		A2244004E0735D4E46F8FA8F /* CalendarIntegration.swift */ = {isa = PBXFileReference; lastKnownFileType = sourcecode.swift; path = CalendarIntegration.swift; sourceTree = "<group>"; };
		A5A9AEAC5BE47DF10FA94D2A /* RollingPomodoroView.swift */ = {isa = PBXFileReference; lastKnownFileType = sourcecode.swift; path = RollingPomodoroView.swift; sourceTree = "<group>"; };
		AB4FF12A3BCFC2365BE0197B /* SessionLabels.swift */ = {isa = PBXFileReference; lastKnownFileType = sourcecode.swift; path = SessionLabels.swift; sourceTree = "<group>"; };
		B5DC63CA658D90A65487300D /* AICoach.swift */ = {isa = PBXFileReference; lastKnownFileType = sourcecode.swift; path = AICoach.swift; sourceTree = "<group>"; };
		BBB5CE0D189562EC4BEAD3ED /* TimerAnimationStyles.swift */ = {isa = PBXFileReference; lastKnownFileType = sourcecode.swift; path = TimerAnimationStyles.swift; sourceTree = "<group>"; };
		BC493C8786B8BBDC8C6FB57A /* Celebrations.swift */ = {isa = PBXFileReference; lastKnownFileType = sourcecode.swift; path = Celebrations.swift; sourceTree = "<group>"; };
		C3017B14540E93F60DF38E55 /* DailyPlanner.swift */ = {isa = PBXFileReference; lastKnownFileType = sourcecode.swift; path = DailyPlanner.swift; sourceTree = "<group>"; };
		C32FBA8F3A81E00394AABFC7 /* WellnessManager.swift */ = {isa = PBXFileReference; lastKnownFileType = sourcecode.swift; path = WellnessManager.swift; sourceTree = "<group>"; };
		C5E0E614936A54D7CCAF1C91 /* RollingPomodoro.swift */ = {isa = PBXFileReference; lastKnownFileType = sourcecode.swift; path = RollingPomodoro.swift; sourceTree = "<group>"; };
		C85767B9898BDFB27A77ADB0 /* Models.swift */ = {isa = PBXFileReference; lastKnownFileType = sourcecode.swift; path = Models.swift; sourceTree = "<group>"; };
		CB2BBC54D0553FA5694DA3AA /* Assets.xcassets */ = {isa = PBXFileReference; lastKnownFileType = folder.assetcatalog; path = Assets.xcassets; sourceTree = "<group>"; };
		CF0A1EA90A1664F88A9B505E /* WidgetBridge.swift */ = {isa = PBXFileReference; lastKnownFileType = sourcecode.swift; path = WidgetBridge.swift; sourceTree = "<group>"; };
		D468F6AA3B2A0EC4D655E636 /* Info.plist.bak */ = {isa = PBXFileReference; path = Info.plist.bak; sourceTree = "<group>"; };
		D6264C2D5D09456D5253EFCC /* DailyPlannerView.swift */ = {isa = PBXFileReference; lastKnownFileType = sourcecode.swift; path = DailyPlannerView.swift; sourceTree = "<group>"; };
		D6BBBBBFBFC25332CC39D62B /* FocusMode.swift */ = {isa = PBXFileReference; lastKnownFileType = sourcecode.swift; path = FocusMode.swift; sourceTree = "<group>"; };
		DA3D272F1748D9AB3B2A9D6F /* SocialSharing.swift */ = {isa = PBXFileReference; lastKnownFileType = sourcecode.swift; path = SocialSharing.swift; sourceTree = "<group>"; };
		DD8E36DF8213F19707BC38C1 /* LevelingSystem.swift */ = {isa = PBXFileReference; lastKnownFileType = sourcecode.swift; path = LevelingSystem.swift; sourceTree = "<group>"; };
		E0F959453661054815C6E275 /* HistoryView.swift */ = {isa = PBXFileReference; lastKnownFileType = sourcecode.swift; path = HistoryView.swift; sourceTree = "<group>"; };
		E17DE5E2ECF7202A7E94C079 /* FocusDebrief.swift */ = {isa = PBXFileReference; lastKnownFileType = sourcecode.swift; path = FocusDebrief.swift; sourceTree = "<group>"; };
		EBB140849CE2C8593F97AD60 /* StatisticsView.swift */ = {isa = PBXFileReference; lastKnownFileType = sourcecode.swift; path = StatisticsView.swift; sourceTree = "<group>"; };
		ED548E3D9C198B340AB79DE6 /* DailyChallenge.swift */ = {isa = PBXFileReference; lastKnownFileType = sourcecode.swift; path = DailyChallenge.swift; sourceTree = "<group>"; };
		ED67E7416E76FA06D919FFC1 /* StreakHeatmap.swift */ = {isa = PBXFileReference; lastKnownFileType = sourcecode.swift; path = StreakHeatmap.swift; sourceTree = "<group>"; };
/* End PBXFileReference section */

/* Begin PBXGroup section */
		08747862D1923F9FB6DEC139 /* FocusTimerWidget */ = {
			isa = PBXGroup;
			children = (
				4830BF92E8438F19905912C9 /* FocusTimerWidget.entitlements */,
				76A7B6F70D9C34B8E84280BF /* FocusTimerWidget.swift */,
			);
			path = FocusTimerWidget;
			sourceTree = "<group>";
		};
		B298BBB03474A3B8DB661500 /* FocusTimer */ = {
			isa = PBXGroup;
			children = (
				039788081690FA4A7029B200 /* Achievement.swift */,
				B5DC63CA658D90A65487300D /* AICoach.swift */,
				3342B8AEE1973ED59B1E9A53 /* AppleDesignTheme.swift */,
				CB2BBC54D0553FA5694DA3AA /* Assets.xcassets */,
				A2244004E0735D4E46F8FA8F /* CalendarIntegration.swift */,
				BC493C8786B8BBDC8C6FB57A /* Celebrations.swift */,
				3DF5B53C6B0D66E6427CF65A /* ContentView.swift */,
				ED548E3D9C198B340AB79DE6 /* DailyChallenge.swift */,
				C3017B14540E93F60DF38E55 /* DailyPlanner.swift */,
				D6264C2D5D09456D5253EFCC /* DailyPlannerView.swift */,
				9779A03CEBFBBA09E70548E7 /* FocusCoins.swift */,
				E17DE5E2ECF7202A7E94C079 /* FocusDebrief.swift */,
				3C7525BD6ADCC2C9D9AB4129 /* FocusIntelligence.swift */,
				D6BBBBBFBFC25332CC39D62B /* FocusMode.swift */,
				61AEFC207BFC298036B98153 /* FocusSounds.swift */,
				08C93D65FEBCCD95E2F7EEF1 /* FocusTimer.entitlements */,
				393E8896CC7B5C463F5EC88D /* FocusTimerApp.swift */,
				23518A901E22E937BA93A94E /* HealthIntegration.swift */,
				E0F959453661054815C6E275 /* HistoryView.swift */,
				D468F6AA3B2A0EC4D655E636 /* Info.plist.bak */,
				2797AEBA6E175047507A7960 /* IntelligenceDashboard.swift */,
				DD8E36DF8213F19707BC38C1 /* LevelingSystem.swift */,
				5A835201380000DDE8C2ADAE /* LiveActivityBridge.swift */,
				C85767B9898BDFB27A77ADB0 /* Models.swift */,
				5F94799AD2873F810A8F32C2 /* MoodEnergyLogging.swift */,
				894E9D9C1967D4CD67818F45 /* MoodPickerView.swift */,
				27B8D7E61D71EE4A48DF8DE1 /* ProjectTracking.swift */,
				4CF6ACE1B116D255A038DE86 /* ReminderManager.swift */,
				89AF6E3AFEB0DE47BF1D36AA /* ReportGenerator.swift */,
				C5E0E614936A54D7CCAF1C91 /* RollingPomodoro.swift */,
				A5A9AEAC5BE47DF10FA94D2A /* RollingPomodoroView.swift */,
				AB4FF12A3BCFC2365BE0197B /* SessionLabels.swift */,
				045637700E4E8EA6AD30D5BC /* SettingsView.swift */,
				054AF448355712DDA25262D8 /* ShortcutsIntegration.swift */,
				DA3D272F1748D9AB3B2A9D6F /* SocialSharing.swift */,
				EBB140849CE2C8593F97AD60 /* StatisticsView.swift */,
				ED67E7416E76FA06D919FFC1 /* StreakHeatmap.swift */,
				9F1E858F4E4285A80A98A046 /* ThemeManager.swift */,
				BBB5CE0D189562EC4BEAD3ED /* TimerAnimationStyles.swift */,
				1B0D7936FDAC626AA1807DD8 /* TimerManager.swift */,
				00BEFC7729F79B74D03A4DF6 /* TimerStackManager.swift */,
				C32FBA8F3A81E00394AABFC7 /* WellnessManager.swift */,
				CF0A1EA90A1664F88A9B505E /* WidgetBridge.swift */,
				98C01B91DFDC97B08597E6BF /* WidgetDataManager.swift */,
			);
			path = FocusTimer;
			sourceTree = "<group>";
		};
		E884C76B3FF3F338D0715D6E /* Products */ = {
			isa = PBXGroup;
			children = (
				73E4000C3A062EDEADEDCF13 /* FocusTimer.app */,
				3F5EAEB5B0D8BE1923A412CF /* FocusTimerWidget.appex */,
			);
			name = Products;
			sourceTree = "<group>";
		};
		FF62F95BEB0457027151E118 = {
			isa = PBXGroup;
			children = (
				B298BBB03474A3B8DB661500 /* FocusTimer */,
				08747862D1923F9FB6DEC139 /* FocusTimerWidget */,
				E884C76B3FF3F338D0715D6E /* Products */,
			);
			sourceTree = "<group>";
		};
/* End PBXGroup section */

/* Begin PBXNativeTarget section */
		23841C0983EFA5B7F2B8D20B /* FocusTimer */ = {
			isa = PBXNativeTarget;
			buildConfigurationList = 8E1DCF6B163B1E840C13145A /* Build configuration list for PBXNativeTarget "FocusTimer" */;
			buildPhases = (
				1E0A5071623932B0B6BEBB07 /* Sources */,
				336CAA0DE8F48C5A8295D88B /* Resources */,
				B41BD67AB5DD171564A4A219 /* Embed Foundation Extensions */,
			);
			buildRules = (
			);
			dependencies = (
				073E5A1F884C8FC49B2FBB94 /* PBXTargetDependency */,
			);
			name = FocusTimer;
			packageProductDependencies = (
			);
			productName = FocusTimer;
			productReference = 73E4000C3A062EDEADEDCF13 /* FocusTimer.app */;
			productType = "com.apple.product-type.application";
		};
		82FA68509F6929CF4C88E4CE /* FocusTimerWidget */ = {
			isa = PBXNativeTarget;
			buildConfigurationList = E656957EA3ECB1659714916F /* Build configuration list for PBXNativeTarget "FocusTimerWidget" */;
			buildPhases = (
				9A6CF652678C1B80A9945F46 /* Sources */,
			);
			buildRules = (
			);
			dependencies = (
			);
			name = FocusTimerWidget;
			packageProductDependencies = (
			);
			productName = FocusTimerWidget;
			productReference = 3F5EAEB5B0D8BE1923A412CF /* FocusTimerWidget.appex */;
			productType = "com.apple.product-type.app-extension";
		};
/* End PBXNativeTarget section */

/* Begin PBXProject section */
		12D45FD891DBCCA2475D15BF /* Project object */ = {
			isa = PBXProject;
			attributes = {
				BuildIndependentTargetsInParallel = YES;
				LastUpgradeCheck = 1500;
				TargetAttributes = {
					23841C0983EFA5B7F2B8D20B = {
						ProvisioningStyle = Automatic;
					};
					82FA68509F6929CF4C88E4CE = {
						ProvisioningStyle = Automatic;
					};
				};
			};
			buildConfigurationList = 1D5A400D1DC6CE2FE3EEAE7F /* Build configuration list for PBXProject "FocusTimer" */;
			developmentRegion = en;
			hasScannedForEncodings = 0;
			knownRegions = (
				Base,
				en,
			);
			mainGroup = FF62F95BEB0457027151E118;
			minimizedProjectReferenceProxies = 1;
			preferredProjectObjectVersion = 77;
			productRefGroup = E884C76B3FF3F338D0715D6E /* Products */;
			projectDirPath = "";
			projectRoot = "";
			targets = (
				23841C0983EFA5B7F2B8D20B /* FocusTimer */,
				82FA68509F6929CF4C88E4CE /* FocusTimerWidget */,
			);
		};
/* End PBXProject section */

/* Begin PBXResourcesBuildPhase section */
		336CAA0DE8F48C5A8295D88B /* Resources */ = {
			isa = PBXResourcesBuildPhase;
			buildActionMask = 2147483647;
			files = (
				B3B5FF49918B837EC68C0C41 /* Assets.xcassets in Resources */,
				9DC97BDE44C7CB7D693DD3B6 /* Info.plist.bak in Resources */,
			);
			runOnlyForDeploymentPostprocessing = 0;
		};
/* End PBXResourcesBuildPhase section */

/* Begin PBXSourcesBuildPhase section */
		1E0A5071623932B0B6BEBB07 /* Sources */ = {
			isa = PBXSourcesBuildPhase;
			buildActionMask = 2147483647;
			files = (
				326F33198C93A0747CB86DA1 /* AICoach.swift in Sources */,
				1AE88E42BC5734B36B7D6888 /* Achievement.swift in Sources */,
				68F5A8ADAC3CCB9923127A45 /* AppleDesignTheme.swift in Sources */,
				8CEE037AA72A537DA02C24B2 /* CalendarIntegration.swift in Sources */,
				F4A25C9D7B9E0FFEEA4E00AC /* Celebrations.swift in Sources */,
				E0DFFC207622CACADFFA3211 /* ContentView.swift in Sources */,
				5230F10C24AD1C6FD71520C9 /* DailyChallenge.swift in Sources */,
				F02C1BDEE4125EE8DCD5FDE5 /* DailyPlanner.swift in Sources */,
				31F0AFB7CC3BA86C6E830488 /* DailyPlannerView.swift in Sources */,
				55D4326896758B297D952208 /* FocusCoins.swift in Sources */,
				A83E0E7035AD57BB8264D5C0 /* FocusDebrief.swift in Sources */,
				53C5EA80C95793035E764176 /* FocusIntelligence.swift in Sources */,
				666D226780EAE4F63E67E09C /* FocusMode.swift in Sources */,
				DA2978DC15EE9C39E87C1036 /* FocusSounds.swift in Sources */,
				22EEA605DA109D383423C9F8 /* FocusTimerApp.swift in Sources */,
				9A34E9BC489EAAB4F191EC8A /* HealthIntegration.swift in Sources */,
				C474100EC64FC2CBE3403C63 /* HistoryView.swift in Sources */,
				6FADBF9D9B4142C8AA4EE162 /* IntelligenceDashboard.swift in Sources */,
				5031E852CDCF77C6EFE076E6 /* LevelingSystem.swift in Sources */,
				B21C64D98F0287B72EE4A925 /* LiveActivityBridge.swift in Sources */,
				B4AF2BAEFF59234CF5684641 /* Models.swift in Sources */,
				16BC6F45205B40173D17782A /* MoodEnergyLogging.swift in Sources */,
				D11301B440D35EAB7089E45C /* MoodPickerView.swift in Sources */,
				B7A0704849647DC1633EAF33 /* ProjectTracking.swift in Sources */,
				A54EE6976DD66D027D6F9EDB /* ReminderManager.swift in Sources */,
				A3D8FB5547DE339D7DA8A317 /* ReportGenerator.swift in Sources */,
				46067020E519518C27BE6D60 /* RollingPomodoro.swift in Sources */,
				E1282227DF025ACD0D48F75D /* RollingPomodoroView.swift in Sources */,
				800916A67D2D9F0BFF5203ED /* SessionLabels.swift in Sources */,
				7C79689418F0893F5780B26C /* SettingsView.swift in Sources */,
				5576DC1CD88FFFE231551578 /* ShortcutsIntegration.swift in Sources */,
				DF1F4072C0D181F77FF105CB /* SocialSharing.swift in Sources */,
				DBEEBD9909F0B94AC86FF73F /* StatisticsView.swift in Sources */,
				7775C8EF72C1335E5EB43239 /* StreakHeatmap.swift in Sources */,
				ABEC1A0F97734CD763BA827C /* ThemeManager.swift in Sources */,
				8276058FCCB54B7852039543 /* TimerAnimationStyles.swift in Sources */,
				2FCAD87080147CB08C976025 /* TimerManager.swift in Sources */,
				C2F7496CF79B2C9F74DD7E8A /* TimerStackManager.swift in Sources */,
				C1986A5B24BA52CBEE9F045C /* WellnessManager.swift in Sources */,
				F6723CE8CE577FB8AD574AEB /* WidgetBridge.swift in Sources */,
				A7E542A39969B8ED53886E80 /* WidgetDataManager.swift in Sources */,
			);
			runOnlyForDeploymentPostprocessing = 0;
		};
		9A6CF652678C1B80A9945F46 /* Sources */ = {
			isa = PBXSourcesBuildPhase;
			buildActionMask = 2147483647;
			files = (
				60F7629CA8DC8A6CFEEC2880 /* FocusTimerWidget.swift in Sources */,
			);
			runOnlyForDeploymentPostprocessing = 0;
		};
/* End PBXSourcesBuildPhase section */

/* Begin PBXTargetDependency section */
		073E5A1F884C8FC49B2FBB94 /* PBXTargetDependency */ = {
			isa = PBXTargetDependency;
			target = 82FA68509F6929CF4C88E4CE /* FocusTimerWidget */;
			targetProxy = ACDBFC01B9BC35C50E1809B6 /* PBXContainerItemProxy */;
		};
/* End PBXTargetDependency section */

/* Begin XCBuildConfiguration section */
		6F44B062B9F09611EAA43BBC /* Debug */ = {
			isa = XCBuildConfiguration;
			buildSettings = {
				ASSETCATALOG_COMPILER_APPICON_NAME = AppIcon;
				ASSETCATALOG_COMPILER_GLOBAL_ACCENT_COLOR_NAME = AccentColor;
				CODE_SIGN_ENTITLEMENTS = FocusTimer/FocusTimer.entitlements;
				CODE_SIGN_IDENTITY = "iPhone Developer";
				CODE_SIGN_STYLE = Automatic;
				INFOPLIST_FILE = FocusTimer/Info.plist;
				LD_RUNPATH_SEARCH_PATHS = "$(inherited) @executable_path/Frameworks";
				PRODUCT_BUNDLE_IDENTIFIER = com.ggsheng.JustZen;
				SDKROOT = iphoneos;
				SUPPORTS_XR_DESIGNED_FOR_IPHONE_IPAD = NO;
				SWIFT_EMIT_LOC_STRINGS = YES;
				TARGETED_DEVICE_FAMILY = "1,2";
			};
			name = Debug;
		};
		7539319D2EA1C40CBBB91D57 /* Release */ = {
			isa = XCBuildConfiguration;
			buildSettings = {
				CODE_SIGN_ENTITLEMENTS = FocusTimerWidget/FocusTimerWidget.entitlements;
				CODE_SIGN_STYLE = Automatic;
				INFOPLIST_FILE = FocusTimerWidget/Info.plist;
				LD_RUNPATH_SEARCH_PATHS = "$(inherited) @executable_path/Frameworks @executable_path/../../Frameworks";
				PRODUCT_BUNDLE_IDENTIFIER = com.ggsheng.JustZen.widget;
				SDKROOT = iphoneos;
				SKIP_INSTALL = YES;
				SWIFT_EMIT_LOC_STRINGS = YES;
				TARGETED_DEVICE_FAMILY = "1,2";
			};
			name = Release;
		};
		8C11050A8C79B0FE1B2DCFC6 /* Debug */ = {
			isa = XCBuildConfiguration;
			buildSettings = {
				CODE_SIGN_ENTITLEMENTS = FocusTimerWidget/FocusTimerWidget.entitlements;
				CODE_SIGN_STYLE = Automatic;
				INFOPLIST_FILE = FocusTimerWidget/Info.plist;
				LD_RUNPATH_SEARCH_PATHS = "$(inherited) @executable_path/Frameworks @executable_path/../../Frameworks";
				PRODUCT_BUNDLE_IDENTIFIER = com.ggsheng.JustZen.widget;
				SDKROOT = iphoneos;
				SKIP_INSTALL = YES;
				SWIFT_EMIT_LOC_STRINGS = YES;
				TARGETED_DEVICE_FAMILY = "1,2";
			};
			name = Debug;
		};
		9ECA60351CBFF5271AF6C1F5 /* Release */ = {
			isa = XCBuildConfiguration;
			buildSettings = {
				ASSETCATALOG_COMPILER_APPICON_NAME = AppIcon;
				ASSETCATALOG_COMPILER_GLOBAL_ACCENT_COLOR_NAME = AccentColor;
				CODE_SIGN_ENTITLEMENTS = FocusTimer/FocusTimer.entitlements;
				CODE_SIGN_IDENTITY = "iPhone Developer";
				CODE_SIGN_STYLE = Automatic;
				INFOPLIST_FILE = FocusTimer/Info.plist;
				LD_RUNPATH_SEARCH_PATHS = "$(inherited) @executable_path/Frameworks";
				PRODUCT_BUNDLE_IDENTIFIER = com.ggsheng.JustZen;
				SDKROOT = iphoneos;
				SUPPORTS_XR_DESIGNED_FOR_IPHONE_IPAD = NO;
				SWIFT_EMIT_LOC_STRINGS = YES;
				TARGETED_DEVICE_FAMILY = "1,2";
			};
			name = Release;
		};
		AE6F520F3E5C4EC1687990A6 /* Debug */ = {
			isa = XCBuildConfiguration;
			buildSettings = {
				ALWAYS_SEARCH_USER_PATHS = NO;
				CLANG_ANALYZER_NONNULL = YES;
				CLANG_ANALYZER_NUMBER_OBJECT_CONVERSION = YES_AGGRESSIVE;
				CLANG_CXX_LANGUAGE_STANDARD = "gnu++14";
				CLANG_CXX_LIBRARY = "libc++";
				CLANG_ENABLE_MODULES = YES;
				CLANG_ENABLE_OBJC_ARC = YES;
				CLANG_ENABLE_OBJC_WEAK = YES;
				CLANG_WARN_BLOCK_CAPTURE_AUTORELEASING = YES;
				CLANG_WARN_BOOL_CONVERSION = YES;
				CLANG_WARN_COMMA = YES;
				CLANG_WARN_CONSTANT_CONVERSION = YES;
				CLANG_WARN_DEPRECATED_OBJC_IMPLEMENTATIONS = YES;
				CLANG_WARN_DIRECT_OBJC_ISA_USAGE = YES_ERROR;
				CLANG_WARN_DOCUMENTATION_COMMENTS = YES;
				CLANG_WARN_EMPTY_BODY = YES;
				CLANG_WARN_ENUM_CONVERSION = YES;
				CLANG_WARN_INFINITE_RECURSION = YES;
				CLANG_WARN_INT_CONVERSION = YES;
				CLANG_WARN_NON_LITERAL_NULL_CONVERSION = YES;
				CLANG_WARN_OBJC_IMPLICIT_RETAIN_SELF = YES;
				CLANG_WARN_OBJC_LITERAL_CONVERSION = YES;
				CLANG_WARN_OBJC_ROOT_CLASS = YES_ERROR;
				CLANG_WARN_QUOTED_INCLUDE_IN_FRAMEWORK_HEADER = YES;
				CLANG_WARN_RANGE_LOOP_ANALYSIS = YES;
				CLANG_WARN_STRICT_PROTOTYPES = YES;
				CLANG_WARN_SUSPICIOUS_MOVE = YES;
				CLANG_WARN_UNGUARDED_AVAILABILITY = YES_AGGRESSIVE;
				CLANG_WARN_UNREACHABLE_CODE = YES;
				CLANG_WARN__DUPLICATE_METHOD_MATCH = YES;
				COPY_PHASE_STRIP = NO;
				CURRENT_PROJECT_VERSION = 1;
				DEBUG_INFORMATION_FORMAT = dwarf;
				ENABLE_STRICT_OBJC_MSGSEND = YES;
				ENABLE_TESTABILITY = YES;
				ENABLE_USER_SCRIPT_SANDBOXING = NO;
				GCC_C_LANGUAGE_STANDARD = gnu11;
				GCC_DYNAMIC_NO_PIC = NO;
				GCC_NO_COMMON_BLOCKS = YES;
				GCC_OPTIMIZATION_LEVEL = 0;
				GCC_PREPROCESSOR_DEFINITIONS = (
					"$(inherited)",
					"DEBUG=1",
				);
				GCC_WARN_64_TO_32_BIT_CONVERSION = YES;
				GCC_WARN_ABOUT_RETURN_TYPE = YES_ERROR;
				GCC_WARN_UNDECLARED_SELECTOR = YES;
				GCC_WARN_UNINITIALIZED_AUTOS = YES_AGGRESSIVE;
				GCC_WARN_UNUSED_FUNCTION = YES;
				GCC_WARN_UNUSED_VARIABLE = YES;
				IPHONEOS_DEPLOYMENT_TARGET = 17.0;
				MARKETING_VERSION = 1.0;
				MTL_ENABLE_DEBUG_INFO = INCLUDE_SOURCE;
				MTL_FAST_MATH = YES;
				ONLY_ACTIVE_ARCH = YES;
				PRODUCT_NAME = "$(TARGET_NAME)";
				SDKROOT = iphoneos;
				SWIFT_ACTIVE_COMPILATION_CONDITIONS = DEBUG;
				SWIFT_OPTIMIZATION_LEVEL = "-Onone";
				SWIFT_VERSION = 5.9;
			};
			name = Debug;
		};
		FE47AAEF720C75C3C87B9DC0 /* Release */ = {
			isa = XCBuildConfiguration;
			buildSettings = {
				ALWAYS_SEARCH_USER_PATHS = NO;
				CLANG_ANALYZER_NONNULL = YES;
				CLANG_ANALYZER_NUMBER_OBJECT_CONVERSION = YES_AGGRESSIVE;
				CLANG_CXX_LANGUAGE_STANDARD = "gnu++14";
				CLANG_CXX_LIBRARY = "libc++";
				CLANG_ENABLE_MODULES = YES;
				CLANG_ENABLE_OBJC_ARC = YES;
				CLANG_ENABLE_OBJC_WEAK = YES;
				CLANG_WARN_BLOCK_CAPTURE_AUTORELEASING = YES;
				CLANG_WARN_BOOL_CONVERSION = YES;
				CLANG_WARN_COMMA = YES;
				CLANG_WARN_CONSTANT_CONVERSION = YES;
				CLANG_WARN_DEPRECATED_OBJC_IMPLEMENTATIONS = YES;
				CLANG_WARN_DIRECT_OBJC_ISA_USAGE = YES_ERROR;
				CLANG_WARN_DOCUMENTATION_COMMENTS = YES;
				CLANG_WARN_EMPTY_BODY = YES;
				CLANG_WARN_ENUM_CONVERSION = YES;
				CLANG_WARN_INFINITE_RECURSION = YES;
				CLANG_WARN_INT_CONVERSION = YES;
				CLANG_WARN_NON_LITERAL_NULL_CONVERSION = YES;
				CLANG_WARN_OBJC_IMPLICIT_RETAIN_SELF = YES;
				CLANG_WARN_OBJC_LITERAL_CONVERSION = YES;
				CLANG_WARN_OBJC_ROOT_CLASS = YES_ERROR;
				CLANG_WARN_QUOTED_INCLUDE_IN_FRAMEWORK_HEADER = YES;
				CLANG_WARN_RANGE_LOOP_ANALYSIS = YES;
				CLANG_WARN_STRICT_PROTOTYPES = YES;
				CLANG_WARN_SUSPICIOUS_MOVE = YES;
				CLANG_WARN_UNGUARDED_AVAILABILITY = YES_AGGRESSIVE;
				CLANG_WARN_UNREACHABLE_CODE = YES;
				CLANG_WARN__DUPLICATE_METHOD_MATCH = YES;
				COPY_PHASE_STRIP = NO;
				CURRENT_PROJECT_VERSION = 1;
				DEBUG_INFORMATION_FORMAT = "dwarf-with-dsym";
				ENABLE_NS_ASSERTIONS = NO;
				ENABLE_STRICT_OBJC_MSGSEND = YES;
				ENABLE_USER_SCRIPT_SANDBOXING = NO;
				GCC_C_LANGUAGE_STANDARD = gnu11;
				GCC_NO_COMMON_BLOCKS = YES;
				GCC_WARN_64_TO_32_BIT_CONVERSION = YES;
				GCC_WARN_ABOUT_RETURN_TYPE = YES_ERROR;
				GCC_WARN_UNDECLARED_SELECTOR = YES;
				GCC_WARN_UNINITIALIZED_AUTOS = YES_AGGRESSIVE;
				GCC_WARN_UNUSED_FUNCTION = YES;
				GCC_WARN_UNUSED_VARIABLE = YES;
				IPHONEOS_DEPLOYMENT_TARGET = 17.0;
				MARKETING_VERSION = 1.0;
				MTL_ENABLE_DEBUG_INFO = NO;
				MTL_FAST_MATH = YES;
				PRODUCT_NAME = "$(TARGET_NAME)";
				SDKROOT = iphoneos;
				SWIFT_COMPILATION_MODE = wholemodule;
				SWIFT_OPTIMIZATION_LEVEL = "-O";
				SWIFT_VERSION = 5.9;
			};
			name = Release;
		};
/* End XCBuildConfiguration section */

/* Begin XCConfigurationList section */
		1D5A400D1DC6CE2FE3EEAE7F /* Build configuration list for PBXProject "FocusTimer" */ = {
			isa = XCConfigurationList;
			buildConfigurations = (
				AE6F520F3E5C4EC1687990A6 /* Debug */,
				FE47AAEF720C75C3C87B9DC0 /* Release */,
			);
			defaultConfigurationIsVisible = 0;
			defaultConfigurationName = Debug;
		};
		8E1DCF6B163B1E840C13145A /* Build configuration list for PBXNativeTarget "FocusTimer" */ = {
			isa = XCConfigurationList;
			buildConfigurations = (
				6F44B062B9F09611EAA43BBC /* Debug */,
				9ECA60351CBFF5271AF6C1F5 /* Release */,
			);
			defaultConfigurationIsVisible = 0;
			defaultConfigurationName = Debug;
		};
		E656957EA3ECB1659714916F /* Build configuration list for PBXNativeTarget "FocusTimerWidget" */ = {
			isa = XCConfigurationList;
			buildConfigurations = (
				8C11050A8C79B0FE1B2DCFC6 /* Debug */,
				7539319D2EA1C40CBBB91D57 /* Release */,
			);
			defaultConfigurationIsVisible = 0;
			defaultConfigurationName = Debug;
		};
/* End XCConfigurationList section */
	};
	rootObject = 12D45FD891DBCCA2475D15BF /* Project object */;
}
